
Microsoft Visual Studio Solution File, Format Version 12.00
# Visual Studio 2013
VisualStudioVersion = 12.0.0.0
MinimumVisualStudioVersion = 10.0.0.1
Project("{FAE04EC0-301F-11D3-BF4B-00C04F79EFBC}") = "Day1", "Day1\Day1.csproj", "{4DBF595B-9941-4301-BFA9-6A8B26888207}"
EndProject
Project("{FAE04EC0-301F-11D3-BF4B-00C04F79EFBC}") = "Day2", "Day2\Day2.csproj", "{BED56538-42BB-43B1-8AC0-935D25997D57}"
EndProject
Project("{FAE04EC0-301F-11D3-BF4B-00C04F79EFBC}") = "Day3", "Day3\Day3.csproj", "{0881AFF2-72AA-4DE3-94F8-220C996B86CE}"
EndProject
Project("{FAE04EC0-301F-11D3-BF4B-00C04F79EFBC}") = "Day4", "Day4\Day4.csproj", "{EF2C1652-EAEF-4E47-8F51-B5190EF3A3C1}"
EndProject
Project("{FAE04EC0-301F-11D3-BF4B-00C04F79EFBC}") = "Day5", "Day5\Day5.csproj", "{7C22AAE9-3D24-4AB4-807F-D54559943BA8}"
EndProject
Project("{FAE04EC0-301F-11D3-BF4B-00C04F79EFBC}") = "Day6", "Day6\Day6.csproj", "{73557139-256E-460B-BD1C-D34E198587D1}"
EndProject
Project("{FAE04EC0-301F-11D3-BF4B-00C04F79EFBC}") = "Day7", "Day7\Day7.csproj", "{6730B592-F530-40B0-83DD-BD829C0A3EB6}"
EndProject
Project("{FAE04EC0-301F-11D3-BF4B-00C04F79EFBC}") = "Day8", "Day8\Day8.csproj", "{D4A94746-1E7F-49E8-ADAF-304A2398D137}"
EndProject
Project("{FAE04EC0-301F-11D3-BF4B-00C04F79EFBC}") = "Day9", "Day9\Day9.csproj", "{CC192F9A-02FC-4C96-82E5-CF9E8F1013EE}"
EndProject
Project("{FAE04EC0-301F-11D3-BF4B-00C04F79EFBC}") = "Day10", "Day10\Day10.csproj", "{73DBFC28-C89D-4975-815D-D99C00208FB4}"
EndProject
Global
	GlobalSection(SolutionConfigurationPlatforms) = preSolution
		Debug|Any CPU = Debug|Any CPU
		Release|Any CPU = Release|Any CPU
	EndGlobalSection
	GlobalSection(ProjectConfigurationPlatforms) = postSolution
		{4DBF595B-9941-4301-BFA9-6A8B26888207}.Debug|Any CPU.ActiveCfg = Debug|Any CPU
		{4DBF595B-9941-4301-BFA9-6A8B26888207}.Debug|Any CPU.Build.0 = Debug|Any CPU
		{4DBF595B-9941-4301-BFA9-6A8B26888207}.Release|Any CPU.ActiveCfg = Release|Any CPU
		{4DBF595B-9941-4301-BFA9-6A8B26888207}.Release|Any CPU.Build.0 = Release|Any CPU
		{BED56538-42BB-43B1-8AC0-935D25997D57}.Debug|Any CPU.ActiveCfg = Debug|Any CPU
		{BED56538-42BB-43B1-8AC0-935D25997D57}.Debug|Any CPU.Build.0 = Debug|Any CPU
		{BED56538-42BB-43B1-8AC0-935D25997D57}.Release|Any CPU.ActiveCfg = Release|Any CPU
		{BED56538-42BB-43B1-8AC0-935D25997D57}.Release|Any CPU.Build.0 = Release|Any CPU
		{0881AFF2-72AA-4DE3-94F8-220C996B86CE}.Debug|Any CPU.ActiveCfg = Debug|Any CPU
		{0881AFF2-72AA-4DE3-94F8-220C996B86CE}.Debug|Any CPU.Build.0 = Debug|Any CPU
		{0881AFF2-72AA-4DE3-94F8-220C996B86CE}.Release|Any CPU.ActiveCfg = Release|Any CPU
		{0881AFF2-72AA-4DE3-94F8-220C996B86CE}.Release|Any CPU.Build.0 = Release|Any CPU
		{EF2C1652-EAEF-4E47-8F51-B5190EF3A3C1}.Debug|Any CPU.ActiveCfg = Debug|Any CPU
		{EF2C1652-EAEF-4E47-8F51-B5190EF3A3C1}.Debug|Any CPU.Build.0 = Debug|Any CPU
		{EF2C1652-EAEF-4E47-8F51-B5190EF3A3C1}.Release|Any CPU.ActiveCfg = Release|Any CPU
		{EF2C1652-EAEF-4E47-8F51-B5190EF3A3C1}.Release|Any CPU.Build.0 = Release|Any CPU
		{7C22AAE9-3D24-4AB4-807F-D54559943BA8}.Debug|Any CPU.ActiveCfg = Debug|Any CPU
		{7C22AAE9-3D24-4AB4-807F-D54559943BA8}.Debug|Any CPU.Build.0 = Debug|Any CPU
		{7C22AAE9-3D24-4AB4-807F-D54559943BA8}.Release|Any CPU.ActiveCfg = Release|Any CPU
		{7C22AAE9-3D24-4AB4-807F-D54559943BA8}.Release|Any CPU.Build.0 = Release|Any CPU
		{73557139-256E-460B-BD1C-D34E198587D1}.Debug|Any CPU.ActiveCfg = Debug|Any CPU
		{73557139-256E-460B-BD1C-D34E198587D1}.Debug|Any CPU.Build.0 = Debug|Any CPU
		{73557139-256E-460B-BD1C-D34E198587D1}.Release|Any CPU.ActiveCfg = Release|Any CPU
		{73557139-256E-460B-BD1C-D34E198587D1}.Release|Any CPU.Build.0 = Release|Any CPU
		{6730B592-F530-40B0-83DD-BD829C0A3EB6}.Debug|Any CPU.ActiveCfg = Debug|Any CPU
		{6730B592-F530-40B0-83DD-BD829C0A3EB6}.Debug|Any CPU.Build.0 = Debug|Any CPU
		{6730B592-F530-40B0-83DD-BD829C0A3EB6}.Release|Any CPU.ActiveCfg = Release|Any CPU
		{6730B592-F530-40B0-83DD-BD829C0A3EB6}.Release|Any CPU.Build.0 = Release|Any CPU
		{D4A94746-1E7F-49E8-ADAF-304A2398D137}.Debug|Any CPU.ActiveCfg = Debug|Any CPU
		{D4A94746-1E7F-49E8-ADAF-304A2398D137}.Debug|Any CPU.Build.0 = Debug|Any CPU
		{D4A94746-1E7F-49E8-ADAF-304A2398D137}.Release|Any CPU.ActiveCfg = Release|Any CPU
		{D4A94746-1E7F-49E8-ADAF-304A2398D137}.Release|Any CPU.Build.0 = Release|Any CPU
		{CC192F9A-02FC-4C96-82E5-CF9E8F1013EE}.Debug|Any CPU.ActiveCfg = Debug|Any CPU
		{CC192F9A-02FC-4C96-82E5-CF9E8F1013EE}.Debug|Any CPU.Build.0 = Debug|Any CPU
		{CC192F9A-02FC-4C96-82E5-CF9E8F1013EE}.Release|Any CPU.ActiveCfg = Release|Any CPU
		{CC192F9A-02FC-4C96-82E5-CF9E8F1013EE}.Release|Any CPU.Build.0 = Release|Any CPU
		{73DBFC28-C89D-4975-815D-D99C00208FB4}.Debug|Any CPU.ActiveCfg = Debug|Any CPU
		{73DBFC28-C89D-4975-815D-D99C00208FB4}.Debug|Any CPU.Build.0 = Debug|Any CPU
		{73DBFC28-C89D-4975-815D-D99C00208FB4}.Release|Any CPU.ActiveCfg = Release|Any CPU
		{73DBFC28-C89D-4975-815D-D99C00208FB4}.Release|Any CPU.Build.0 = Release|Any CPU
	EndGlobalSection
	GlobalSection(SolutionProperties) = preSolution
		HideSolutionNode = FALSE
	EndGlobalSection
EndGlobal
